// !$*UTF8*$!
{
	archiveVersion = 1;
	classes = {
	};
	objectVersion = 50;
	objects = {

/* Begin PBXBuildFile section */
		8909D4F821FEFA9900C09DEA /* TableViewCell.xib in Resources */ = {isa = PBXBuildFile; fileRef = 8909D4F721FEFA9900C09DEA /* TableViewCell.xib */; };
		8909D4FC21FF1D0700C09DEA /* CustomHeader.swift in Sources */ = {isa = PBXBuildFile; fileRef = 8909D4FB21FF1D0700C09DEA /* CustomHeader.swift */; };
		8909D4FE21FF34D600C09DEA /* CustomHeader.xib in Resources */ = {isa = PBXBuildFile; fileRef = 8909D4FD21FF34D600C09DEA /* CustomHeader.xib */; };
		8909D50022009E5E00C09DEA /* DailyGoalData.swift in Sources */ = {isa = PBXBuildFile; fileRef = 8909D4FF22009E5E00C09DEA /* DailyGoalData.swift */; };
		890FBDF92211F4320017891C /* UITableView + extensions.swift in Sources */ = {isa = PBXBuildFile; fileRef = 890FBDF82211F4320017891C /* UITableView + extensions.swift */; };
		891D41E0223937B900AF0F5B /* UIButton+extensions.swift in Sources */ = {isa = PBXBuildFile; fileRef = 891D41DF223937B900AF0F5B /* UIButton+extensions.swift */; };
		891D41E22239380800AF0F5B /* UIView+extensions.swift in Sources */ = {isa = PBXBuildFile; fileRef = 891D41E12239380800AF0F5B /* UIView+extensions.swift */; };
		8939DFC921F743C3001983A6 /* UIColor+extensions.swift in Sources */ = {isa = PBXBuildFile; fileRef = 8939DFC821F743C3001983A6 /* UIColor+extensions.swift */; };
		8939DFCB21F9B522001983A6 /* UIViewController+extensions.swift in Sources */ = {isa = PBXBuildFile; fileRef = 8939DFCA21F9B522001983A6 /* UIViewController+extensions.swift */; };
		897D12F921EC86C50062B0D2 /* AppDelegate.swift in Sources */ = {isa = PBXBuildFile; fileRef = 897D12F821EC86C50062B0D2 /* AppDelegate.swift */; };
		897D12FB21EC86C50062B0D2 /* DailyTaskViewController.swift in Sources */ = {isa = PBXBuildFile; fileRef = 897D12FA21EC86C50062B0D2 /* DailyTaskViewController.swift */; };
		897D130121EC86C50062B0D2 /* DailyGoals.xcdatamodeld in Sources */ = {isa = PBXBuildFile; fileRef = 897D12FF21EC86C50062B0D2 /* DailyGoals.xcdatamodeld */; };
		897D130321EC86CA0062B0D2 /* Assets.xcassets in Resources */ = {isa = PBXBuildFile; fileRef = 897D130221EC86CA0062B0D2 /* Assets.xcassets */; };
		897D130621EC86CA0062B0D2 /* LaunchScreen.storyboard in Resources */ = {isa = PBXBuildFile; fileRef = 897D130421EC86CA0062B0D2 /* LaunchScreen.storyboard */; };
		897D131121EC86CB0062B0D2 /* DailyGoalsTests.swift in Sources */ = {isa = PBXBuildFile; fileRef = 897D131021EC86CB0062B0D2 /* DailyGoalsTests.swift */; };
		899602EE220C3EA1007C7BE4 /* ColourTests.swift in Sources */ = {isa = PBXBuildFile; fileRef = 899602ED220C3EA1007C7BE4 /* ColourTests.swift */; };
		8997A9F421ECC31300EDF42F /* HistoryViewController.swift in Sources */ = {isa = PBXBuildFile; fileRef = 8997A9F321ECC31300EDF42F /* HistoryViewController.swift */; };
		8997A9F821ECC34B00EDF42F /* ProgressViewController.swift in Sources */ = {isa = PBXBuildFile; fileRef = 8997A9F721ECC34B00EDF42F /* ProgressViewController.swift */; };
		8997AA0821ECCC8E00EDF42F /* CheckBox.swift in Sources */ = {isa = PBXBuildFile; fileRef = 8997AA0721ECCC8E00EDF42F /* CheckBox.swift */; };
		89A46C7222281DE200218A76 /* DateTests.swift in Sources */ = {isa = PBXBuildFile; fileRef = 89A46C7122281DE200218A76 /* DateTests.swift */; };
		89A46C76222D2D6900218A76 /* CoreDataManager.swift in Sources */ = {isa = PBXBuildFile; fileRef = 89A46C75222D2D6900218A76 /* CoreDataManager.swift */; };
		89A46C77223290DF00218A76 /* DailyGoals.xcdatamodeld in Sources */ = {isa = PBXBuildFile; fileRef = 897D12FF21EC86C50062B0D2 /* DailyGoals.xcdatamodeld */; };
		89C12F1D2223F4F400A85FA0 /* CustomTable.swift in Sources */ = {isa = PBXBuildFile; fileRef = 89C12F1C2223F4F400A85FA0 /* CustomTable.swift */; };
		89C83EC521F9ED56001C6C5C /* Date+extensions.swift in Sources */ = {isa = PBXBuildFile; fileRef = 89C83EC421F9ED56001C6C5C /* Date+extensions.swift */; };
		89CE16E021EF5E6B004CE51D /* TableViewCell.swift in Sources */ = {isa = PBXBuildFile; fileRef = 89CE16DF21EF5E6B004CE51D /* TableViewCell.swift */; };
		89CE16E221EF6170004CE51D /* CellData.swift in Sources */ = {isa = PBXBuildFile; fileRef = 89CE16E121EF6170004CE51D /* CellData.swift */; };
		89CE16E521F1C2D0004CE51D /* Main.storyboard in Resources */ = {isa = PBXBuildFile; fileRef = 89CE16E421F1C2D0004CE51D /* Main.storyboard */; };
		89CE16E721F1C2E7004CE51D /* TabBarController.swift in Sources */ = {isa = PBXBuildFile; fileRef = 89CE16E621F1C2E7004CE51D /* TabBarController.swift */; };
		89CE16EA21F1C301004CE51D /* TabBarBuilder.swift in Sources */ = {isa = PBXBuildFile; fileRef = 89CE16E921F1C301004CE51D /* TabBarBuilder.swift */; };
		89CE16EC21F1C311004CE51D /* TabBarFlow.swift in Sources */ = {isa = PBXBuildFile; fileRef = 89CE16EB21F1C311004CE51D /* TabBarFlow.swift */; };
		89CE16F121F1CBC1004CE51D /* DailyTaskBuilder.swift in Sources */ = {isa = PBXBuildFile; fileRef = 89CE16F021F1CBC1004CE51D /* DailyTaskBuilder.swift */; };
		89CE16F321F1CBD3004CE51D /* HistoryViewBuilder.swift in Sources */ = {isa = PBXBuildFile; fileRef = 89CE16F221F1CBD3004CE51D /* HistoryViewBuilder.swift */; };
		89CE16F521F1CBE5004CE51D /* ProgressViewBuilder.swift in Sources */ = {isa = PBXBuildFile; fileRef = 89CE16F421F1CBE5004CE51D /* ProgressViewBuilder.swift */; };
		89CE16F721F1CE56004CE51D /* HistoryView.storyboard in Resources */ = {isa = PBXBuildFile; fileRef = 89CE16F621F1CE56004CE51D /* HistoryView.storyboard */; };
		89CE16F921F1CE69004CE51D /* ProgressView.storyboard in Resources */ = {isa = PBXBuildFile; fileRef = 89CE16F821F1CE69004CE51D /* ProgressView.storyboard */; };
		89CE16FB21F1CE7C004CE51D /* DailyTask.storyboard in Resources */ = {isa = PBXBuildFile; fileRef = 89CE16FA21F1CE7C004CE51D /* DailyTask.storyboard */; };
		89CE16FD21F1D244004CE51D /* DailyTaskFlow.swift in Sources */ = {isa = PBXBuildFile; fileRef = 89CE16FC21F1D244004CE51D /* DailyTaskFlow.swift */; };
		89CE16FF21F1DD0E004CE51D /* DailyTaskViewModel.swift in Sources */ = {isa = PBXBuildFile; fileRef = 89CE16FE21F1DD0E004CE51D /* DailyTaskViewModel.swift */; };
		89CE170121F5FAE4004CE51D /* ProgressViewModel.swift in Sources */ = {isa = PBXBuildFile; fileRef = 89CE170021F5FAE4004CE51D /* ProgressViewModel.swift */; };
		89CE170321F5FB34004CE51D /* HistoryViewModel.swift in Sources */ = {isa = PBXBuildFile; fileRef = 89CE170221F5FB34004CE51D /* HistoryViewModel.swift */; };
		89CE170521F5FC26004CE51D /* HistoryFlow.swift in Sources */ = {isa = PBXBuildFile; fileRef = 89CE170421F5FC26004CE51D /* HistoryFlow.swift */; };
		89CE170721F5FD8F004CE51D /* ProgressFlow.swift in Sources */ = {isa = PBXBuildFile; fileRef = 89CE170621F5FD8F004CE51D /* ProgressFlow.swift */; };
		89DF6F4B2264BAE60076E4CD /* SwiftGif.framework in Frameworks */ = {isa = PBXBuildFile; fileRef = 89DF6F4A2264BAE60076E4CD /* SwiftGif.framework */; };
		89DF6F4C2264BAF30076E4CD /* SwiftGif.framework in Frameworks */ = {isa = PBXBuildFile; fileRef = 89DF6F4A2264BAE60076E4CD /* SwiftGif.framework */; };
		89DF6F4D2264BAF30076E4CD /* SwiftGif.framework in Embed Frameworks */ = {isa = PBXBuildFile; fileRef = 89DF6F4A2264BAE60076E4CD /* SwiftGif.framework */; settings = {ATTRIBUTES = (CodeSignOnCopy, RemoveHeadersOnCopy, ); }; };
		89DF6F4F2264BBBA0076E4CD /* UIImage+Gif+extensions.swift in Sources */ = {isa = PBXBuildFile; fileRef = 89DF6F4E2264BBBA0076E4CD /* UIImage+Gif+extensions.swift */; };
		89DF6F562264C0FE0076E4CD /* keepGoing.gif in Resources */ = {isa = PBXBuildFile; fileRef = 89DF6F552264C0FE0076E4CD /* keepGoing.gif */; };
		89DF6F592264C76A0076E4CD /* fireworks.gif in Resources */ = {isa = PBXBuildFile; fileRef = 89DF6F582264C76A0076E4CD /* fireworks.gif */; };
		89DF6F5B2264D1920076E4CD /* keepGoingBackwards.gif in Resources */ = {isa = PBXBuildFile; fileRef = 89DF6F5A2264D1920076E4CD /* keepGoingBackwards.gif */; };
		89EE11E422608CCB0024F610 /* MonthPickerView.swift in Sources */ = {isa = PBXBuildFile; fileRef = 89EE11E322608CCB0024F610 /* MonthPickerView.swift */; };
		89F3BE5C224A5878004C79BE /* UIFont+extensions.swift in Sources */ = {isa = PBXBuildFile; fileRef = 89F3BE5B224A5878004C79BE /* UIFont+extensions.swift */; };
		89F3BE5E224A5896004C79BE /* UILabel+extensions.swift in Sources */ = {isa = PBXBuildFile; fileRef = 89F3BE5D224A5896004C79BE /* UILabel+extensions.swift */; };
		89F3BE61224B7C31004C79BE /* HistoryTable.swift in Sources */ = {isa = PBXBuildFile; fileRef = 89F3BE60224B7C30004C79BE /* HistoryTable.swift */; };
/* End PBXBuildFile section */

/* Begin PBXContainerItemProxy section */
		897D130D21EC86CB0062B0D2 /* PBXContainerItemProxy */ = {
			isa = PBXContainerItemProxy;
			containerPortal = 897D12ED21EC86C40062B0D2 /* Project object */;
			proxyType = 1;
			remoteGlobalIDString = 897D12F421EC86C50062B0D2;
			remoteInfo = DailyGoals;
		};
/* End PBXContainerItemProxy section */

/* Begin PBXCopyFilesBuildPhase section */
		89DF6F492264BA3E0076E4CD /* Embed Frameworks */ = {
			isa = PBXCopyFilesBuildPhase;
			buildActionMask = 2147483647;
			dstPath = "";
			dstSubfolderSpec = 10;
			files = (
				89DF6F4D2264BAF30076E4CD /* SwiftGif.framework in Embed Frameworks */,
			);
			name = "Embed Frameworks";
			runOnlyForDeploymentPostprocessing = 0;
		};
/* End PBXCopyFilesBuildPhase section */

/* Begin PBXFileReference section */
		8909D4F721FEFA9900C09DEA /* TableViewCell.xib */ = {isa = PBXFileReference; lastKnownFileType = file.xib; path = TableViewCell.xib; sourceTree = "<group>"; };
		8909D4FB21FF1D0700C09DEA /* CustomHeader.swift */ = {isa = PBXFileReference; lastKnownFileType = sourcecode.swift; path = CustomHeader.swift; sourceTree = "<group>"; };
		8909D4FD21FF34D600C09DEA /* CustomHeader.xib */ = {isa = PBXFileReference; lastKnownFileType = file.xib; path = CustomHeader.xib; sourceTree = "<group>"; };
		8909D4FF22009E5E00C09DEA /* DailyGoalData.swift */ = {isa = PBXFileReference; lastKnownFileType = sourcecode.swift; path = DailyGoalData.swift; sourceTree = "<group>"; };
		890FBDF82211F4320017891C /* UITableView + extensions.swift */ = {isa = PBXFileReference; lastKnownFileType = sourcecode.swift; path = "UITableView + extensions.swift"; sourceTree = "<group>"; };
		891D41DF223937B900AF0F5B /* UIButton+extensions.swift */ = {isa = PBXFileReference; lastKnownFileType = sourcecode.swift; path = "UIButton+extensions.swift"; sourceTree = "<group>"; };
		891D41E12239380800AF0F5B /* UIView+extensions.swift */ = {isa = PBXFileReference; lastKnownFileType = sourcecode.swift; path = "UIView+extensions.swift"; sourceTree = "<group>"; };
		8939DFC821F743C3001983A6 /* UIColor+extensions.swift */ = {isa = PBXFileReference; lastKnownFileType = sourcecode.swift; path = "UIColor+extensions.swift"; sourceTree = "<group>"; };
		8939DFCA21F9B522001983A6 /* UIViewController+extensions.swift */ = {isa = PBXFileReference; lastKnownFileType = sourcecode.swift; path = "UIViewController+extensions.swift"; sourceTree = "<group>"; };
		897D12F521EC86C50062B0D2 /* DailyGoals.app */ = {isa = PBXFileReference; explicitFileType = wrapper.application; includeInIndex = 0; path = DailyGoals.app; sourceTree = BUILT_PRODUCTS_DIR; };
		897D12F821EC86C50062B0D2 /* AppDelegate.swift */ = {isa = PBXFileReference; lastKnownFileType = sourcecode.swift; path = AppDelegate.swift; sourceTree = "<group>"; };
		897D12FA21EC86C50062B0D2 /* DailyTaskViewController.swift */ = {isa = PBXFileReference; lastKnownFileType = sourcecode.swift; path = DailyTaskViewController.swift; sourceTree = "<group>"; };
		897D130021EC86C50062B0D2 /* DailyGoals.xcdatamodel */ = {isa = PBXFileReference; lastKnownFileType = wrapper.xcdatamodel; path = DailyGoals.xcdatamodel; sourceTree = "<group>"; };
		897D130221EC86CA0062B0D2 /* Assets.xcassets */ = {isa = PBXFileReference; lastKnownFileType = folder.assetcatalog; path = Assets.xcassets; sourceTree = "<group>"; };
		897D130521EC86CA0062B0D2 /* Base */ = {isa = PBXFileReference; lastKnownFileType = file.storyboard; name = Base; path = Base.lproj/LaunchScreen.storyboard; sourceTree = "<group>"; };
		897D130721EC86CA0062B0D2 /* Info.plist */ = {isa = PBXFileReference; lastKnownFileType = text.plist.xml; path = Info.plist; sourceTree = "<group>"; };
		897D130C21EC86CB0062B0D2 /* DailyGoalsTests.xctest */ = {isa = PBXFileReference; explicitFileType = wrapper.cfbundle; includeInIndex = 0; path = DailyGoalsTests.xctest; sourceTree = BUILT_PRODUCTS_DIR; };
		897D131021EC86CB0062B0D2 /* DailyGoalsTests.swift */ = {isa = PBXFileReference; lastKnownFileType = sourcecode.swift; path = DailyGoalsTests.swift; sourceTree = "<group>"; };
		897D131221EC86CB0062B0D2 /* Info.plist */ = {isa = PBXFileReference; lastKnownFileType = text.plist.xml; path = Info.plist; sourceTree = "<group>"; };
		899602ED220C3EA1007C7BE4 /* ColourTests.swift */ = {isa = PBXFileReference; lastKnownFileType = sourcecode.swift; path = ColourTests.swift; sourceTree = "<group>"; };
		8997A9F321ECC31300EDF42F /* HistoryViewController.swift */ = {isa = PBXFileReference; lastKnownFileType = sourcecode.swift; path = HistoryViewController.swift; sourceTree = "<group>"; };
		8997A9F721ECC34B00EDF42F /* ProgressViewController.swift */ = {isa = PBXFileReference; lastKnownFileType = sourcecode.swift; path = ProgressViewController.swift; sourceTree = "<group>"; };
		8997AA0721ECCC8E00EDF42F /* CheckBox.swift */ = {isa = PBXFileReference; lastKnownFileType = sourcecode.swift; path = CheckBox.swift; sourceTree = "<group>"; };
		89A46C7122281DE200218A76 /* DateTests.swift */ = {isa = PBXFileReference; lastKnownFileType = sourcecode.swift; path = DateTests.swift; sourceTree = "<group>"; };
		89A46C75222D2D6900218A76 /* CoreDataManager.swift */ = {isa = PBXFileReference; lastKnownFileType = sourcecode.swift; path = CoreDataManager.swift; sourceTree = "<group>"; };
		89C12F1C2223F4F400A85FA0 /* CustomTable.swift */ = {isa = PBXFileReference; lastKnownFileType = sourcecode.swift; path = CustomTable.swift; sourceTree = "<group>"; };
		89C83EC421F9ED56001C6C5C /* Date+extensions.swift */ = {isa = PBXFileReference; lastKnownFileType = sourcecode.swift; path = "Date+extensions.swift"; sourceTree = "<group>"; };
		89CE16DF21EF5E6B004CE51D /* TableViewCell.swift */ = {isa = PBXFileReference; lastKnownFileType = sourcecode.swift; path = TableViewCell.swift; sourceTree = "<group>"; };
		89CE16E121EF6170004CE51D /* CellData.swift */ = {isa = PBXFileReference; lastKnownFileType = sourcecode.swift; path = CellData.swift; sourceTree = "<group>"; };
		89CE16E421F1C2D0004CE51D /* Main.storyboard */ = {isa = PBXFileReference; lastKnownFileType = file.storyboard; path = Main.storyboard; sourceTree = "<group>"; };
		89CE16E621F1C2E7004CE51D /* TabBarController.swift */ = {isa = PBXFileReference; lastKnownFileType = sourcecode.swift; path = TabBarController.swift; sourceTree = "<group>"; };
		89CE16E921F1C301004CE51D /* TabBarBuilder.swift */ = {isa = PBXFileReference; lastKnownFileType = sourcecode.swift; path = TabBarBuilder.swift; sourceTree = "<group>"; };
		89CE16EB21F1C311004CE51D /* TabBarFlow.swift */ = {isa = PBXFileReference; lastKnownFileType = sourcecode.swift; path = TabBarFlow.swift; sourceTree = "<group>"; };
		89CE16F021F1CBC1004CE51D /* DailyTaskBuilder.swift */ = {isa = PBXFileReference; lastKnownFileType = sourcecode.swift; path = DailyTaskBuilder.swift; sourceTree = "<group>"; };
		89CE16F221F1CBD3004CE51D /* HistoryViewBuilder.swift */ = {isa = PBXFileReference; lastKnownFileType = sourcecode.swift; path = HistoryViewBuilder.swift; sourceTree = "<group>"; };
		89CE16F421F1CBE5004CE51D /* ProgressViewBuilder.swift */ = {isa = PBXFileReference; lastKnownFileType = sourcecode.swift; path = ProgressViewBuilder.swift; sourceTree = "<group>"; };
		89CE16F621F1CE56004CE51D /* HistoryView.storyboard */ = {isa = PBXFileReference; lastKnownFileType = file.storyboard; path = HistoryView.storyboard; sourceTree = "<group>"; };
		89CE16F821F1CE69004CE51D /* ProgressView.storyboard */ = {isa = PBXFileReference; lastKnownFileType = file.storyboard; path = ProgressView.storyboard; sourceTree = "<group>"; };
		89CE16FA21F1CE7C004CE51D /* DailyTask.storyboard */ = {isa = PBXFileReference; lastKnownFileType = file.storyboard; path = DailyTask.storyboard; sourceTree = "<group>"; };
		89CE16FC21F1D244004CE51D /* DailyTaskFlow.swift */ = {isa = PBXFileReference; lastKnownFileType = sourcecode.swift; path = DailyTaskFlow.swift; sourceTree = "<group>"; };
		89CE16FE21F1DD0E004CE51D /* DailyTaskViewModel.swift */ = {isa = PBXFileReference; lastKnownFileType = sourcecode.swift; name = DailyTaskViewModel.swift; path = "DailyGoals/Daily Tasks/View Model/DailyTaskViewModel.swift"; sourceTree = SOURCE_ROOT; };
		89CE170021F5FAE4004CE51D /* ProgressViewModel.swift */ = {isa = PBXFileReference; lastKnownFileType = sourcecode.swift; name = ProgressViewModel.swift; path = "DailyGoals/Progress View/View Model/ProgressViewModel.swift"; sourceTree = SOURCE_ROOT; };
		89CE170221F5FB34004CE51D /* HistoryViewModel.swift */ = {isa = PBXFileReference; lastKnownFileType = sourcecode.swift; name = HistoryViewModel.swift; path = "DailyGoals/Daily Tasks/Flow/HistoryViewModel.swift"; sourceTree = SOURCE_ROOT; };
		89CE170421F5FC26004CE51D /* HistoryFlow.swift */ = {isa = PBXFileReference; lastKnownFileType = sourcecode.swift; path = HistoryFlow.swift; sourceTree = "<group>"; };
		89CE170621F5FD8F004CE51D /* ProgressFlow.swift */ = {isa = PBXFileReference; lastKnownFileType = sourcecode.swift; path = ProgressFlow.swift; sourceTree = "<group>"; };
		89DF6F4A2264BAE60076E4CD /* SwiftGif.framework */ = {isa = PBXFileReference; lastKnownFileType = wrapper.framework; name = SwiftGif.framework; path = Carthage/Build/iOS/SwiftGif.framework; sourceTree = "<group>"; };
		89DF6F4E2264BBBA0076E4CD /* UIImage+Gif+extensions.swift */ = {isa = PBXFileReference; lastKnownFileType = sourcecode.swift; path = "UIImage+Gif+extensions.swift"; sourceTree = "<group>"; };
		89DF6F552264C0FE0076E4CD /* keepGoing.gif */ = {isa = PBXFileReference; lastKnownFileType = image.gif; path = keepGoing.gif; sourceTree = "<group>"; };
		89DF6F582264C76A0076E4CD /* fireworks.gif */ = {isa = PBXFileReference; lastKnownFileType = image.gif; path = fireworks.gif; sourceTree = "<group>"; };
		89DF6F5A2264D1920076E4CD /* keepGoingBackwards.gif */ = {isa = PBXFileReference; lastKnownFileType = image.gif; path = keepGoingBackwards.gif; sourceTree = "<group>"; };
		89EE11E322608CCB0024F610 /* MonthPickerView.swift */ = {isa = PBXFileReference; lastKnownFileType = sourcecode.swift; path = MonthPickerView.swift; sourceTree = "<group>"; };
		89F3BE5B224A5878004C79BE /* UIFont+extensions.swift */ = {isa = PBXFileReference; lastKnownFileType = sourcecode.swift; path = "UIFont+extensions.swift"; sourceTree = "<group>"; };
		89F3BE5D224A5896004C79BE /* UILabel+extensions.swift */ = {isa = PBXFileReference; lastKnownFileType = sourcecode.swift; path = "UILabel+extensions.swift"; sourceTree = "<group>"; };
		89F3BE60224B7C30004C79BE /* HistoryTable.swift */ = {isa = PBXFileReference; lastKnownFileType = sourcecode.swift; path = HistoryTable.swift; sourceTree = "<group>"; };
/* End PBXFileReference section */

/* Begin PBXFrameworksBuildPhase section */
		897D12F221EC86C50062B0D2 /* Frameworks */ = {
			isa = PBXFrameworksBuildPhase;
			buildActionMask = 2147483647;
			files = (
				89DF6F4B2264BAE60076E4CD /* SwiftGif.framework in Frameworks */,
				89DF6F4C2264BAF30076E4CD /* SwiftGif.framework in Frameworks */,
			);
			runOnlyForDeploymentPostprocessing = 0;
		};
		897D130921EC86CB0062B0D2 /* Frameworks */ = {
			isa = PBXFrameworksBuildPhase;
			buildActionMask = 2147483647;
			files = (
			);
			runOnlyForDeploymentPostprocessing = 0;
		};
/* End PBXFrameworksBuildPhase section */

/* Begin PBXGroup section */
		8939DFC721F743AC001983A6 /* Extensions */ = {
			isa = PBXGroup;
			children = (
				8939DFC821F743C3001983A6 /* UIColor+extensions.swift */,
				8939DFCA21F9B522001983A6 /* UIViewController+extensions.swift */,
				89DF6F4E2264BBBA0076E4CD /* UIImage+Gif+extensions.swift */,
				89C83EC421F9ED56001C6C5C /* Date+extensions.swift */,
				890FBDF82211F4320017891C /* UITableView + extensions.swift */,
				891D41DF223937B900AF0F5B /* UIButton+extensions.swift */,
				89F3BE5D224A5896004C79BE /* UILabel+extensions.swift */,
				89F3BE5B224A5878004C79BE /* UIFont+extensions.swift */,
				891D41E12239380800AF0F5B /* UIView+extensions.swift */,
			);
			path = Extensions;
			sourceTree = "<group>";
		};
		897D12EC21EC86C40062B0D2 = {
			isa = PBXGroup;
			children = (
				897D12F721EC86C50062B0D2 /* DailyGoals */,
				897D130F21EC86CB0062B0D2 /* DailyGoalsTests */,
				897D12F621EC86C50062B0D2 /* Products */,
				89DF6F4A2264BAE60076E4CD /* SwiftGif.framework */,
			);
			sourceTree = "<group>";
		};
		897D12F621EC86C50062B0D2 /* Products */ = {
			isa = PBXGroup;
			children = (
				897D12F521EC86C50062B0D2 /* DailyGoals.app */,
				897D130C21EC86CB0062B0D2 /* DailyGoalsTests.xctest */,
			);
			name = Products;
			sourceTree = "<group>";
		};
		897D12F721EC86C50062B0D2 /* DailyGoals */ = {
			isa = PBXGroup;
			children = (
				89DF6F572264C73E0076E4CD /* GIFS */,
				89CE16E321F1C2A1004CE51D /* TabBarFlow */,
				8997A9FB21ECCA5700EDF42F /* Daily Tasks */,
				8997A9FA21ECCA5500EDF42F /* History View */,
				8997A9F921ECCA5200EDF42F /* Progress View */,
				8939DFC721F743AC001983A6 /* Extensions */,
				8997AA0621ECCC6400EDF42F /* Custom Views */,
				89F3BE5F224A6FBA004C79BE /* CoreData */,
				897D12F821EC86C50062B0D2 /* AppDelegate.swift */,
				897D130221EC86CA0062B0D2 /* Assets.xcassets */,
				897D130421EC86CA0062B0D2 /* LaunchScreen.storyboard */,
				897D130721EC86CA0062B0D2 /* Info.plist */,
			);
			path = DailyGoals;
			sourceTree = "<group>";
		};
		897D130F21EC86CB0062B0D2 /* DailyGoalsTests */ = {
			isa = PBXGroup;
			children = (
				897D131021EC86CB0062B0D2 /* DailyGoalsTests.swift */,
				897D131221EC86CB0062B0D2 /* Info.plist */,
				899602ED220C3EA1007C7BE4 /* ColourTests.swift */,
				89A46C7122281DE200218A76 /* DateTests.swift */,
			);
			path = DailyGoalsTests;
			sourceTree = "<group>";
		};
		8997A9F921ECCA5200EDF42F /* Progress View */ = {
			isa = PBXGroup;
			children = (
				8997AA0421ECCB6200EDF42F /* Model */,
				8997AA0321ECCB4900EDF42F /* View Controller */,
				8997AA0221ECCB4300EDF42F /* View Model */,
				89CE16EF21F1CBA7004CE51D /* Flow */,
			);
			path = "Progress View";
			sourceTree = "<group>";
		};
		8997A9FA21ECCA5500EDF42F /* History View */ = {
			isa = PBXGroup;
			children = (
				8997AA0121ECCB4000EDF42F /* Model */,
				8997AA0021ECCB3E00EDF42F /* View Controller */,
				8997A9FF21ECCB3C00EDF42F /* View Model */,
				89CE16ED21F1CB95004CE51D /* Flow */,
			);
			path = "History View";
			sourceTree = "<group>";
		};
		8997A9FB21ECCA5700EDF42F /* Daily Tasks */ = {
			isa = PBXGroup;
			children = (
				8997A9FE21ECCB3900EDF42F /* Model */,
				8997A9FD21ECCB3700EDF42F /* View Controller */,
				8997A9FC21ECCB3300EDF42F /* View Model */,
				89CE16EE21F1CB9F004CE51D /* Flow */,
			);
			path = "Daily Tasks";
			sourceTree = "<group>";
		};
		8997A9FC21ECCB3300EDF42F /* View Model */ = {
			isa = PBXGroup;
			children = (
				8909D4FF22009E5E00C09DEA /* DailyGoalData.swift */,
				89CE16E121EF6170004CE51D /* CellData.swift */,
				89CE16FE21F1DD0E004CE51D /* DailyTaskViewModel.swift */,
			);
			path = "View Model";
			sourceTree = "<group>";
		};
		8997A9FD21ECCB3700EDF42F /* View Controller */ = {
			isa = PBXGroup;
			children = (
				897D12FA21EC86C50062B0D2 /* DailyTaskViewController.swift */,
				89CE16FA21F1CE7C004CE51D /* DailyTask.storyboard */,
			);
			path = "View Controller";
			sourceTree = "<group>";
		};
		8997A9FE21ECCB3900EDF42F /* Model */ = {
			isa = PBXGroup;
			children = (
			);
			path = Model;
			sourceTree = "<group>";
		};
		8997A9FF21ECCB3C00EDF42F /* View Model */ = {
			isa = PBXGroup;
			children = (
				89CE170221F5FB34004CE51D /* HistoryViewModel.swift */,
			);
			path = "View Model";
			sourceTree = "<group>";
		};
		8997AA0021ECCB3E00EDF42F /* View Controller */ = {
			isa = PBXGroup;
			children = (
				8997A9F321ECC31300EDF42F /* HistoryViewController.swift */,
				89CE16F621F1CE56004CE51D /* HistoryView.storyboard */,
			);
			path = "View Controller";
			sourceTree = "<group>";
		};
		8997AA0121ECCB4000EDF42F /* Model */ = {
			isa = PBXGroup;
			children = (
			);
			path = Model;
			sourceTree = "<group>";
		};
		8997AA0221ECCB4300EDF42F /* View Model */ = {
			isa = PBXGroup;
			children = (
				89CE170021F5FAE4004CE51D /* ProgressViewModel.swift */,
			);
			path = "View Model";
			sourceTree = "<group>";
		};
		8997AA0321ECCB4900EDF42F /* View Controller */ = {
			isa = PBXGroup;
			children = (
				8997A9F721ECC34B00EDF42F /* ProgressViewController.swift */,
				89CE16F821F1CE69004CE51D /* ProgressView.storyboard */,
			);
			path = "View Controller";
			sourceTree = "<group>";
		};
		8997AA0421ECCB6200EDF42F /* Model */ = {
			isa = PBXGroup;
			children = (
			);
			path = Model;
			sourceTree = "<group>";
		};
		8997AA0621ECCC6400EDF42F /* Custom Views */ = {
			isa = PBXGroup;
			children = (
				89A46C74222823DD00218A76 /* CustomHeader */,
				89A46C73222823CA00218A76 /* TableViewCell */,
				89C12F1C2223F4F400A85FA0 /* CustomTable.swift */,
				89F3BE60224B7C30004C79BE /* HistoryTable.swift */,
				89EE11E322608CCB0024F610 /* MonthPickerView.swift */,
				8997AA0721ECCC8E00EDF42F /* CheckBox.swift */,
			);
			path = "Custom Views";
			sourceTree = "<group>";
		};
		89A46C73222823CA00218A76 /* TableViewCell */ = {
			isa = PBXGroup;
			children = (
				89CE16DF21EF5E6B004CE51D /* TableViewCell.swift */,
				8909D4F721FEFA9900C09DEA /* TableViewCell.xib */,
			);
			path = TableViewCell;
			sourceTree = "<group>";
		};
		89A46C74222823DD00218A76 /* CustomHeader */ = {
			isa = PBXGroup;
			children = (
				8909D4FB21FF1D0700C09DEA /* CustomHeader.swift */,
				8909D4FD21FF34D600C09DEA /* CustomHeader.xib */,
			);
			path = CustomHeader;
			sourceTree = "<group>";
		};
		89CE16E321F1C2A1004CE51D /* TabBarFlow */ = {
			isa = PBXGroup;
			children = (
				89CE16E421F1C2D0004CE51D /* Main.storyboard */,
				89CE16E621F1C2E7004CE51D /* TabBarController.swift */,
				89CE16E821F1C2EC004CE51D /* Flow */,
			);
			path = TabBarFlow;
			sourceTree = "<group>";
		};
		89CE16E821F1C2EC004CE51D /* Flow */ = {
			isa = PBXGroup;
			children = (
				89CE16E921F1C301004CE51D /* TabBarBuilder.swift */,
				89CE16EB21F1C311004CE51D /* TabBarFlow.swift */,
			);
			path = Flow;
			sourceTree = "<group>";
		};
		89CE16ED21F1CB95004CE51D /* Flow */ = {
			isa = PBXGroup;
			children = (
				89CE16F221F1CBD3004CE51D /* HistoryViewBuilder.swift */,
				89CE170421F5FC26004CE51D /* HistoryFlow.swift */,
			);
			path = Flow;
			sourceTree = "<group>";
		};
		89CE16EE21F1CB9F004CE51D /* Flow */ = {
			isa = PBXGroup;
			children = (
				89CE16F021F1CBC1004CE51D /* DailyTaskBuilder.swift */,
				89CE16FC21F1D244004CE51D /* DailyTaskFlow.swift */,
			);
			path = Flow;
			sourceTree = "<group>";
		};
		89CE16EF21F1CBA7004CE51D /* Flow */ = {
			isa = PBXGroup;
			children = (
				89CE16F421F1CBE5004CE51D /* ProgressViewBuilder.swift */,
				89CE170621F5FD8F004CE51D /* ProgressFlow.swift */,
			);
			path = Flow;
			sourceTree = "<group>";
		};
		89DF6F572264C73E0076E4CD /* GIFS */ = {
			isa = PBXGroup;
			children = (
				89DF6F582264C76A0076E4CD /* fireworks.gif */,
				89DF6F5A2264D1920076E4CD /* keepGoingBackwards.gif */,
				89DF6F552264C0FE0076E4CD /* keepGoing.gif */,
			);
			path = GIFS;
			sourceTree = "<group>";
		};
		89F3BE5F224A6FBA004C79BE /* CoreData */ = {
			isa = PBXGroup;
			children = (
				897D12FF21EC86C50062B0D2 /* DailyGoals.xcdatamodeld */,
				89A46C75222D2D6900218A76 /* CoreDataManager.swift */,
			);
			path = CoreData;
			sourceTree = "<group>";
		};
/* End PBXGroup section */

/* Begin PBXNativeTarget section */
		897D12F421EC86C50062B0D2 /* DailyGoals */ = {
			isa = PBXNativeTarget;
			buildConfigurationList = 897D131521EC86CB0062B0D2 /* Build configuration list for PBXNativeTarget "DailyGoals" */;
			buildPhases = (
				897D12F121EC86C50062B0D2 /* Sources */,
				897D12F221EC86C50062B0D2 /* Frameworks */,
				897D12F321EC86C50062B0D2 /* Resources */,
				89DF6F492264BA3E0076E4CD /* Embed Frameworks */,
			);
			buildRules = (
			);
			dependencies = (
			);
			name = DailyGoals;
			productName = DailyGoals;
			productReference = 897D12F521EC86C50062B0D2 /* DailyGoals.app */;
			productType = "com.apple.product-type.application";
		};
		897D130B21EC86CB0062B0D2 /* DailyGoalsTests */ = {
			isa = PBXNativeTarget;
			buildConfigurationList = 897D131821EC86CB0062B0D2 /* Build configuration list for PBXNativeTarget "DailyGoalsTests" */;
			buildPhases = (
				897D130821EC86CB0062B0D2 /* Sources */,
				897D130921EC86CB0062B0D2 /* Frameworks */,
				897D130A21EC86CB0062B0D2 /* Resources */,
			);
			buildRules = (
			);
			dependencies = (
				897D130E21EC86CB0062B0D2 /* PBXTargetDependency */,
			);
			name = DailyGoalsTests;
			productName = DailyGoalsTests;
			productReference = 897D130C21EC86CB0062B0D2 /* DailyGoalsTests.xctest */;
			productType = "com.apple.product-type.bundle.unit-test";
		};
/* End PBXNativeTarget section */

/* Begin PBXProject section */
		897D12ED21EC86C40062B0D2 /* Project object */ = {
			isa = PBXProject;
			attributes = {
				LastSwiftUpdateCheck = 1010;
				LastUpgradeCheck = 1010;
				ORGANIZATIONNAME = "Carl Wainwright";
				TargetAttributes = {
					897D12F421EC86C50062B0D2 = {
						CreatedOnToolsVersion = 10.1;
					};
					897D130B21EC86CB0062B0D2 = {
						CreatedOnToolsVersion = 10.1;
						TestTargetID = 897D12F421EC86C50062B0D2;
					};
				};
			};
			buildConfigurationList = 897D12F021EC86C40062B0D2 /* Build configuration list for PBXProject "DailyGoals" */;
			compatibilityVersion = "Xcode 9.3";
			developmentRegion = en;
			hasScannedForEncodings = 0;
			knownRegions = (
				en,
				Base,
			);
			mainGroup = 897D12EC21EC86C40062B0D2;
			productRefGroup = 897D12F621EC86C50062B0D2 /* Products */;
			projectDirPath = "";
			projectRoot = "";
			targets = (
				897D12F421EC86C50062B0D2 /* DailyGoals */,
				897D130B21EC86CB0062B0D2 /* DailyGoalsTests */,
			);
		};
/* End PBXProject section */

/* Begin PBXResourcesBuildPhase section */
		897D12F321EC86C50062B0D2 /* Resources */ = {
			isa = PBXResourcesBuildPhase;
			buildActionMask = 2147483647;
			files = (
				89DF6F562264C0FE0076E4CD /* keepGoing.gif in Resources */,
				89DF6F592264C76A0076E4CD /* fireworks.gif in Resources */,
				89CE16E521F1C2D0004CE51D /* Main.storyboard in Resources */,
				89CE16F721F1CE56004CE51D /* HistoryView.storyboard in Resources */,
				8909D4FE21FF34D600C09DEA /* CustomHeader.xib in Resources */,
				8909D4F821FEFA9900C09DEA /* TableViewCell.xib in Resources */,
				89CE16FB21F1CE7C004CE51D /* DailyTask.storyboard in Resources */,
				89CE16F921F1CE69004CE51D /* ProgressView.storyboard in Resources */,
				89DF6F5B2264D1920076E4CD /* keepGoingBackwards.gif in Resources */,
				897D130621EC86CA0062B0D2 /* LaunchScreen.storyboard in Resources */,
				897D130321EC86CA0062B0D2 /* Assets.xcassets in Resources */,
			);
			runOnlyForDeploymentPostprocessing = 0;
		};
		897D130A21EC86CB0062B0D2 /* Resources */ = {
			isa = PBXResourcesBuildPhase;
			buildActionMask = 2147483647;
			files = (
			);
			runOnlyForDeploymentPostprocessing = 0;
		};
/* End PBXResourcesBuildPhase section */

/* Begin PBXSourcesBuildPhase section */
		897D12F121EC86C50062B0D2 /* Sources */ = {
			isa = PBXSourcesBuildPhase;
			buildActionMask = 2147483647;
			files = (
				89CE170121F5FAE4004CE51D /* ProgressViewModel.swift in Sources */,
				89CE170321F5FB34004CE51D /* HistoryViewModel.swift in Sources */,
				89CE170721F5FD8F004CE51D /* ProgressFlow.swift in Sources */,
				89DF6F4F2264BBBA0076E4CD /* UIImage+Gif+extensions.swift in Sources */,
				89CE16E721F1C2E7004CE51D /* TabBarController.swift in Sources */,
				8909D4FC21FF1D0700C09DEA /* CustomHeader.swift in Sources */,
				8997A9F821ECC34B00EDF42F /* ProgressViewController.swift in Sources */,
				891D41E22239380800AF0F5B /* UIView+extensions.swift in Sources */,
				89EE11E422608CCB0024F610 /* MonthPickerView.swift in Sources */,
				897D12FB21EC86C50062B0D2 /* DailyTaskViewController.swift in Sources */,
				89CE16EC21F1C311004CE51D /* TabBarFlow.swift in Sources */,
				8909D50022009E5E00C09DEA /* DailyGoalData.swift in Sources */,
				8997AA0821ECCC8E00EDF42F /* CheckBox.swift in Sources */,
				89CE16FF21F1DD0E004CE51D /* DailyTaskViewModel.swift in Sources */,
				89F3BE5E224A5896004C79BE /* UILabel+extensions.swift in Sources */,
				89CE16FD21F1D244004CE51D /* DailyTaskFlow.swift in Sources */,
				89CE16F521F1CBE5004CE51D /* ProgressViewBuilder.swift in Sources */,
				897D12F921EC86C50062B0D2 /* AppDelegate.swift in Sources */,
				8939DFCB21F9B522001983A6 /* UIViewController+extensions.swift in Sources */,
				897D130121EC86C50062B0D2 /* DailyGoals.xcdatamodeld in Sources */,
				89CE16E021EF5E6B004CE51D /* TableViewCell.swift in Sources */,
				8939DFC921F743C3001983A6 /* UIColor+extensions.swift in Sources */,
				89CE170521F5FC26004CE51D /* HistoryFlow.swift in Sources */,
				890FBDF92211F4320017891C /* UITableView + extensions.swift in Sources */,
				89CE16E221EF6170004CE51D /* CellData.swift in Sources */,
				8997A9F421ECC31300EDF42F /* HistoryViewController.swift in Sources */,
				89C83EC521F9ED56001C6C5C /* Date+extensions.swift in Sources */,
				89CE16F121F1CBC1004CE51D /* DailyTaskBuilder.swift in Sources */,
				891D41E0223937B900AF0F5B /* UIButton+extensions.swift in Sources */,
				89CE16F321F1CBD3004CE51D /* HistoryViewBuilder.swift in Sources */,
				89CE16EA21F1C301004CE51D /* TabBarBuilder.swift in Sources */,
				89A46C76222D2D6900218A76 /* CoreDataManager.swift in Sources */,
				89F3BE5C224A5878004C79BE /* UIFont+extensions.swift in Sources */,
				89F3BE61224B7C31004C79BE /* HistoryTable.swift in Sources */,
				89C12F1D2223F4F400A85FA0 /* CustomTable.swift in Sources */,
			);
			runOnlyForDeploymentPostprocessing = 0;
		};
		897D130821EC86CB0062B0D2 /* Sources */ = {
			isa = PBXSourcesBuildPhase;
			buildActionMask = 2147483647;
			files = (
				89A46C77223290DF00218A76 /* DailyGoals.xcdatamodeld in Sources */,
				89A46C7222281DE200218A76 /* DateTests.swift in Sources */,
				899602EE220C3EA1007C7BE4 /* ColourTests.swift in Sources */,
				897D131121EC86CB0062B0D2 /* DailyGoalsTests.swift in Sources */,
			);
			runOnlyForDeploymentPostprocessing = 0;
		};
/* End PBXSourcesBuildPhase section */

/* Begin PBXTargetDependency section */
		897D130E21EC86CB0062B0D2 /* PBXTargetDependency */ = {
			isa = PBXTargetDependency;
			target = 897D12F421EC86C50062B0D2 /* DailyGoals */;
			targetProxy = 897D130D21EC86CB0062B0D2 /* PBXContainerItemProxy */;
		};
/* End PBXTargetDependency section */

/* Begin PBXVariantGroup section */
		897D130421EC86CA0062B0D2 /* LaunchScreen.storyboard */ = {
			isa = PBXVariantGroup;
			children = (
				897D130521EC86CA0062B0D2 /* Base */,
			);
			name = LaunchScreen.storyboard;
			sourceTree = "<group>";
		};
/* End PBXVariantGroup section */

/* Begin XCBuildConfiguration section */
		897D131321EC86CB0062B0D2 /* Debug */ = {
			isa = XCBuildConfiguration;
			buildSettings = {
				ALWAYS_SEARCH_USER_PATHS = NO;
				CLANG_ANALYZER_NONNULL = YES;
				CLANG_ANALYZER_NUMBER_OBJECT_CONVERSION = YES_AGGRESSIVE;
				CLANG_CXX_LANGUAGE_STANDARD = "gnu++14";
				CLANG_CXX_LIBRARY = "libc++";
				CLANG_ENABLE_MODULES = YES;
				CLANG_ENABLE_OBJC_ARC = YES;
				CLANG_ENABLE_OBJC_WEAK = YES;
				CLANG_WARN_BLOCK_CAPTURE_AUTORELEASING = YES;
				CLANG_WARN_BOOL_CONVERSION = YES;
				CLANG_WARN_COMMA = YES;
				CLANG_WARN_CONSTANT_CONVERSION = YES;
				CLANG_WARN_DEPRECATED_OBJC_IMPLEMENTATIONS = YES;
				CLANG_WARN_DIRECT_OBJC_ISA_USAGE = YES_ERROR;
				CLANG_WARN_DOCUMENTATION_COMMENTS = YES;
				CLANG_WARN_EMPTY_BODY = YES;
				CLANG_WARN_ENUM_CONVERSION = YES;
				CLANG_WARN_INFINITE_RECURSION = YES;
				CLANG_WARN_INT_CONVERSION = YES;
				CLANG_WARN_NON_LITERAL_NULL_CONVERSION = YES;
				CLANG_WARN_OBJC_IMPLICIT_RETAIN_SELF = YES;
				CLANG_WARN_OBJC_LITERAL_CONVERSION = YES;
				CLANG_WARN_OBJC_ROOT_CLASS = YES_ERROR;
				CLANG_WARN_RANGE_LOOP_ANALYSIS = YES;
				CLANG_WARN_STRICT_PROTOTYPES = YES;
				CLANG_WARN_SUSPICIOUS_MOVE = YES;
				CLANG_WARN_UNGUARDED_AVAILABILITY = YES_AGGRESSIVE;
				CLANG_WARN_UNREACHABLE_CODE = YES;
				CLANG_WARN__DUPLICATE_METHOD_MATCH = YES;
				CODE_SIGN_IDENTITY = "iPhone Developer";
				COPY_PHASE_STRIP = NO;
				DEBUG_INFORMATION_FORMAT = dwarf;
				ENABLE_STRICT_OBJC_MSGSEND = YES;
				ENABLE_TESTABILITY = YES;
				GCC_C_LANGUAGE_STANDARD = gnu11;
				GCC_DYNAMIC_NO_PIC = NO;
				GCC_NO_COMMON_BLOCKS = YES;
				GCC_OPTIMIZATION_LEVEL = 0;
				GCC_PREPROCESSOR_DEFINITIONS = (
					"DEBUG=1",
					"$(inherited)",
				);
				GCC_WARN_64_TO_32_BIT_CONVERSION = YES;
				GCC_WARN_ABOUT_RETURN_TYPE = YES_ERROR;
				GCC_WARN_UNDECLARED_SELECTOR = YES;
				GCC_WARN_UNINITIALIZED_AUTOS = YES_AGGRESSIVE;
				GCC_WARN_UNUSED_FUNCTION = YES;
				GCC_WARN_UNUSED_VARIABLE = YES;
				IPHONEOS_DEPLOYMENT_TARGET = 12.1;
				MTL_ENABLE_DEBUG_INFO = INCLUDE_SOURCE;
				MTL_FAST_MATH = YES;
				ONLY_ACTIVE_ARCH = YES;
				SDKROOT = iphoneos;
				SWIFT_ACTIVE_COMPILATION_CONDITIONS = DEBUG;
				SWIFT_OPTIMIZATION_LEVEL = "-Onone";
			};
			name = Debug;
		};
		897D131421EC86CB0062B0D2 /* Release */ = {
			isa = XCBuildConfiguration;
			buildSettings = {
				ALWAYS_SEARCH_USER_PATHS = NO;
				CLANG_ANALYZER_NONNULL = YES;
				CLANG_ANALYZER_NUMBER_OBJECT_CONVERSION = YES_AGGRESSIVE;
				CLANG_CXX_LANGUAGE_STANDARD = "gnu++14";
				CLANG_CXX_LIBRARY = "libc++";
				CLANG_ENABLE_MODULES = YES;
				CLANG_ENABLE_OBJC_ARC = YES;
				CLANG_ENABLE_OBJC_WEAK = YES;
				CLANG_WARN_BLOCK_CAPTURE_AUTORELEASING = YES;
				CLANG_WARN_BOOL_CONVERSION = YES;
				CLANG_WARN_COMMA = YES;
				CLANG_WARN_CONSTANT_CONVERSION = YES;
				CLANG_WARN_DEPRECATED_OBJC_IMPLEMENTATIONS = YES;
				CLANG_WARN_DIRECT_OBJC_ISA_USAGE = YES_ERROR;
				CLANG_WARN_DOCUMENTATION_COMMENTS = YES;
				CLANG_WARN_EMPTY_BODY = YES;
				CLANG_WARN_ENUM_CONVERSION = YES;
				CLANG_WARN_INFINITE_RECURSION = YES;
				CLANG_WARN_INT_CONVERSION = YES;
				CLANG_WARN_NON_LITERAL_NULL_CONVERSION = YES;
				CLANG_WARN_OBJC_IMPLICIT_RETAIN_SELF = YES;
				CLANG_WARN_OBJC_LITERAL_CONVERSION = YES;
				CLANG_WARN_OBJC_ROOT_CLASS = YES_ERROR;
				CLANG_WARN_RANGE_LOOP_ANALYSIS = YES;
				CLANG_WARN_STRICT_PROTOTYPES = YES;
				CLANG_WARN_SUSPICIOUS_MOVE = YES;
				CLANG_WARN_UNGUARDED_AVAILABILITY = YES_AGGRESSIVE;
				CLANG_WARN_UNREACHABLE_CODE = YES;
				CLANG_WARN__DUPLICATE_METHOD_MATCH = YES;
				CODE_SIGN_IDENTITY = "iPhone Developer";
				COPY_PHASE_STRIP = NO;
				DEBUG_INFORMATION_FORMAT = "dwarf-with-dsym";
				ENABLE_NS_ASSERTIONS = NO;
				ENABLE_STRICT_OBJC_MSGSEND = YES;
				GCC_C_LANGUAGE_STANDARD = gnu11;
				GCC_NO_COMMON_BLOCKS = YES;
				GCC_WARN_64_TO_32_BIT_CONVERSION = YES;
				GCC_WARN_ABOUT_RETURN_TYPE = YES_ERROR;
				GCC_WARN_UNDECLARED_SELECTOR = YES;
				GCC_WARN_UNINITIALIZED_AUTOS = YES_AGGRESSIVE;
				GCC_WARN_UNUSED_FUNCTION = YES;
				GCC_WARN_UNUSED_VARIABLE = YES;
				IPHONEOS_DEPLOYMENT_TARGET = 12.1;
				MTL_ENABLE_DEBUG_INFO = NO;
				MTL_FAST_MATH = YES;
				SDKROOT = iphoneos;
				SWIFT_COMPILATION_MODE = wholemodule;
				SWIFT_OPTIMIZATION_LEVEL = "-O";
				VALIDATE_PRODUCT = YES;
			};
			name = Release;
		};
		897D131621EC86CB0062B0D2 /* Debug */ = {
			isa = XCBuildConfiguration;
			buildSettings = {
				ASSETCATALOG_COMPILER_APPICON_NAME = AppIcon;
				CODE_SIGN_STYLE = Automatic;
				DEVELOPMENT_TEAM = 2428X38UTQ;
				FRAMEWORK_SEARCH_PATHS = (
					"$(inherited)",
					"$(PROJECT_DIR)/Carthage/Build/iOS",
				);
				INFOPLIST_FILE = DailyGoals/Info.plist;
				LD_RUNPATH_SEARCH_PATHS = (
					"$(inherited)",
					"@executable_path/Frameworks",
				);
				PRODUCT_BUNDLE_IDENTIFIER = com.carlwainwright.DailyGoals;
				PRODUCT_NAME = "$(TARGET_NAME)";
				SWIFT_VERSION = 4.2;
				TARGETED_DEVICE_FAMILY = "1,2";
			};
			name = Debug;
		};
		897D131721EC86CB0062B0D2 /* Release */ = {
			isa = XCBuildConfiguration;
			buildSettings = {
				ASSETCATALOG_COMPILER_APPICON_NAME = AppIcon;
				CODE_SIGN_STYLE = Automatic;
				DEVELOPMENT_TEAM = 2428X38UTQ;
				FRAMEWORK_SEARCH_PATHS = (
					"$(inherited)",
					"$(PROJECT_DIR)/Carthage/Build/iOS",
				);
				INFOPLIST_FILE = DailyGoals/Info.plist;
				LD_RUNPATH_SEARCH_PATHS = (
					"$(inherited)",
					"@executable_path/Frameworks",
				);
				PRODUCT_BUNDLE_IDENTIFIER = com.carlwainwright.DailyGoals;
				PRODUCT_NAME = "$(TARGET_NAME)";
				SWIFT_VERSION = 4.2;
				TARGETED_DEVICE_FAMILY = "1,2";
			};
			name = Release;
		};
		897D131921EC86CB0062B0D2 /* Debug */ = {
			isa = XCBuildConfiguration;
			buildSettings = {
				ALWAYS_EMBED_SWIFT_STANDARD_LIBRARIES = YES;
				BUNDLE_LOADER = "$(TEST_HOST)";
				CODE_SIGN_STYLE = Automatic;
				DEVELOPMENT_TEAM = 2428X38UTQ;
				FRAMEWORK_SEARCH_PATHS = (
					"$(inherited)",
					"$(PROJECT_DIR)/Carthage/Build/iOS",
				);
				INFOPLIST_FILE = DailyGoalsTests/Info.plist;
				LD_RUNPATH_SEARCH_PATHS = (
					"$(inherited)",
					"@executable_path/Frameworks",
					"@loader_path/Frameworks",
				);
				PRODUCT_BUNDLE_IDENTIFIER = com.carlwainwright.DailyGoalsTests;
				PRODUCT_NAME = "$(TARGET_NAME)";
				SWIFT_VERSION = 4.2;
				TARGETED_DEVICE_FAMILY = "1,2";
				TEST_HOST = "$(BUILT_PRODUCTS_DIR)/DailyGoals.app/DailyGoals";
			};
			name = Debug;
		};
		897D131A21EC86CB0062B0D2 /* Release */ = {
			isa = XCBuildConfiguration;
			buildSettings = {
				ALWAYS_EMBED_SWIFT_STANDARD_LIBRARIES = YES;
				BUNDLE_LOADER = "$(TEST_HOST)";
				CODE_SIGN_STYLE = Automatic;
				DEVELOPMENT_TEAM = 2428X38UTQ;
				FRAMEWORK_SEARCH_PATHS = (
					"$(inherited)",
					"$(PROJECT_DIR)/Carthage/Build/iOS",
				);
				INFOPLIST_FILE = DailyGoalsTests/Info.plist;
				LD_RUNPATH_SEARCH_PATHS = (
					"$(inherited)",
					"@executable_path/Frameworks",
					"@loader_path/Frameworks",
				);
				PRODUCT_BUNDLE_IDENTIFIER = com.carlwainwright.DailyGoalsTests;
				PRODUCT_NAME = "$(TARGET_NAME)";
				SWIFT_VERSION = 4.2;
				TARGETED_DEVICE_FAMILY = "1,2";
				TEST_HOST = "$(BUILT_PRODUCTS_DIR)/DailyGoals.app/DailyGoals";
			};
			name = Release;
		};
/* End XCBuildConfiguration section */

/* Begin XCConfigurationList section */
		897D12F021EC86C40062B0D2 /* Build configuration list for PBXProject "DailyGoals" */ = {
			isa = XCConfigurationList;
			buildConfigurations = (
				897D131321EC86CB0062B0D2 /* Debug */,
				897D131421EC86CB0062B0D2 /* Release */,
			);
			defaultConfigurationIsVisible = 0;
			defaultConfigurationName = Release;
		};
		897D131521EC86CB0062B0D2 /* Build configuration list for PBXNativeTarget "DailyGoals" */ = {
			isa = XCConfigurationList;
			buildConfigurations = (
				897D131621EC86CB0062B0D2 /* Debug */,
				897D131721EC86CB0062B0D2 /* Release */,
			);
			defaultConfigurationIsVisible = 0;
			defaultConfigurationName = Release;
		};
		897D131821EC86CB0062B0D2 /* Build configuration list for PBXNativeTarget "DailyGoalsTests" */ = {
			isa = XCConfigurationList;
			buildConfigurations = (
				897D131921EC86CB0062B0D2 /* Debug */,
				897D131A21EC86CB0062B0D2 /* Release */,
			);
			defaultConfigurationIsVisible = 0;
			defaultConfigurationName = Release;
		};
/* End XCConfigurationList section */

/* Begin XCVersionGroup section */
		897D12FF21EC86C50062B0D2 /* DailyGoals.xcdatamodeld */ = {
			isa = XCVersionGroup;
			children = (
				897D130021EC86C50062B0D2 /* DailyGoals.xcdatamodel */,
			);
			currentVersion = 897D130021EC86C50062B0D2 /* DailyGoals.xcdatamodel */;
			path = DailyGoals.xcdatamodeld;
			sourceTree = "<group>";
			versionGroupType = wrapper.xcdatamodel;
		};
/* End XCVersionGroup section */
	};
	rootObject = 897D12ED21EC86C40062B0D2 /* Project object */;
}
